
Microsoft Visual Studio Solution File, Format Version 12.00
# Visual Studio Version 16
VisualStudioVersion = 16.0.29102.190
MinimumVisualStudioVersion = 10.0.40219.1
Project("{9A19103F-16F7-4668-BE54-9A1E7A4F7556}") = "Codoxide.Outcome.UnitTests", "Codoxide.Outcome\tests\Codoxide.Outcome.UnitTests.csproj", "{A0FAF0ED-C0B9-47D5-A656-F883CFDC9351}"
EndProject
Project("{9A19103F-16F7-4668-BE54-9A1E7A4F7556}") = "Codoxide.Outcome", "Codoxide.Outcome\src\Codoxide.Outcome.csproj", "{7CA48D06-2F3D-4F1D-A644-BE789CE16B77}"
EndProject
Project("{2150E333-8FDC-42A3-9474-1A3956D46DE8}") = "Codoxide.Outcome", "Codoxide.Outcome", "{754C100E-881E-4174-A4DB-62D1E27DFEDA}"
EndProject
Project("{2150E333-8FDC-42A3-9474-1A3956D46DE8}") = "Continue", "Continue", "{3D0B8035-9A35-4F4D-BBD8-E8692269FFCC}"
EndProject
Project("{2150E333-8FDC-42A3-9474-1A3956D46DE8}") = "Solution Items", "Solution Items", "{F5A8E855-A496-4ADA-8DAC-8641F12F3DFE}"
	ProjectSection(SolutionItems) = preProject
		.editorconfig = .editorconfig
		azure-pipelines.yml = azure-pipelines.yml
		LICENSE = LICENSE
		README.md = README.md
	EndProjectSection
EndProject
Project("{9A19103F-16F7-4668-BE54-9A1E7A4F7556}") = "Codoxide.Outcome.Extensions.ThenTry", "Codoxide.Outcome.Extensions.ThenTry\src\Codoxide.Outcome.Extensions.ThenTry.csproj", "{D0E7EED1-A042-4434-8E24-78F303141BDD}"
EndProject
Project("{9A19103F-16F7-4668-BE54-9A1E7A4F7556}") = "Codoxide.Outcome.Extensions.ThenTry.UnitTests", "Codoxide.Outcome.Extensions.ThenTry\tests\Codoxide.Outcome.Extensions.ThenTry.UnitTests.csproj", "{7C450242-7209-49D3-8457-164616C0059C}"
EndProject
Project("{9A19103F-16F7-4668-BE54-9A1E7A4F7556}") = "Codoxide.Outcome.Extensions.Continue", "Codoxide.Outcome.Extensions.Continue\src\Codoxide.Outcome.Extensions.Continue.csproj", "{ED637428-543F-4845-8B20-BE51D487AE8D}"
EndProject
Project("{9A19103F-16F7-4668-BE54-9A1E7A4F7556}") = "Codoxide.Outcome.Extensions.Continue.UnitTests", "Codoxide.Outcome.Extensions.Continue\tests\Codoxide.Outcome.Extensions.Continue.UnitTests.csproj", "{46B65E7A-DA1E-4AE3-93E2-41D42A12A360}"
EndProject
Project("{9A19103F-16F7-4668-BE54-9A1E7A4F7556}") = "Codoxide.Outcome.Extensions.Finalizers", "Codoxide.Outcome.Extensions.Finalizers\src\Codoxide.Outcome.Extensions.Finalizers.csproj", "{59D8D8E6-6A75-40AD-81D1-C00ADC1C72A1}"
EndProject
Project("{9A19103F-16F7-4668-BE54-9A1E7A4F7556}") = "Codoxide.Outcome.Extensions.Finalizers.UnitTests", "Codoxide.Outcome.Extensions.Finalizers\tests\Codoxide.Outcome.Extensions.Finalizers.UnitTests.csproj", "{31507171-7C8B-45F7-A403-8A5D1B8DDFCA}"
EndProject
Project("{2150E333-8FDC-42A3-9474-1A3956D46DE8}") = "Conditionals", "Conditionals", "{C8AF43B6-F369-445C-AF13-54EF8CC8A216}"
EndProject
Project("{9A19103F-16F7-4668-BE54-9A1E7A4F7556}") = "Codoxide.Outcome.Extensions.Conditionals", "Codoxide.Outcome.Extensions.Conditionals\src\Codoxide.Outcome.Extensions.Conditionals.csproj", "{506C2647-590E-430C-8DAF-5DCA38A15100}"
EndProject
Project("{9A19103F-16F7-4668-BE54-9A1E7A4F7556}") = "Codoxide.Outcome.Extensions.Conditionals.UnitTests", "Codoxide.Outcome.Extensions.Conditionals\tests\Codoxide.Outcome.Extensions.Conditionals.UnitTests.csproj", "{59305BDC-E447-488E-8799-186B0E6BB25F}"
EndProject
Project("{2150E333-8FDC-42A3-9474-1A3956D46DE8}") = "Core", "Core", "{5271139D-A0FF-4C24-A828-2E26C5EFD6C0}"
EndProject
Project("{9A19103F-16F7-4668-BE54-9A1E7A4F7556}") = "Codoxide.Outcome.Core", "Codoxide.Outcome.Core\src\Codoxide.Outcome.Core.csproj", "{7C0FEEE7-51B4-4689-8808-CE9B02F55FF2}"
EndProject
Project("{9A19103F-16F7-4668-BE54-9A1E7A4F7556}") = "Codoxide.Outcome.Core.UnitTests", "Codoxide.Outcome.Core\tests\Codoxide.Outcome.Core.UnitTests.csproj", "{97BF547B-151C-4885-852A-B3D353A9AB39}"
EndProject
Project("{2150E333-8FDC-42A3-9474-1A3956D46DE8}") = "Then", "Then", "{777DFC13-DE04-4E3C-B7CB-79D2A69D68DB}"
EndProject
Project("{9A19103F-16F7-4668-BE54-9A1E7A4F7556}") = "Codoxide.Outcome.Extensions.Then", "Codoxide.Outcome.Extensions.Then\src\Codoxide.Outcome.Extensions.Then.csproj", "{2FD6DA4E-2997-4512-8514-0636621B909F}"
EndProject
Project("{9A19103F-16F7-4668-BE54-9A1E7A4F7556}") = "Codoxide.Outcome.Extensions.Then.UnitTests", "Codoxide.Outcome.Extensions.Then\tests\Codoxide.Outcome.Extensions.Then.UnitTests.csproj", "{90A1C619-FA23-4958-9E27-91298B1473BD}"
EndProject
Project("{2150E333-8FDC-42A3-9474-1A3956D46DE8}") = "Finalizers", "Finalizers", "{B867929B-2994-4774-9686-6965EECC8CFC}"
EndProject
Project("{2150E333-8FDC-42A3-9474-1A3956D46DE8}") = "ThenTry", "ThenTry", "{67DE19BD-6CE1-4B68-B84C-8E026A63853F}"
EndProject
Project("{2150E333-8FDC-42A3-9474-1A3956D46DE8}") = "ThenOtherwise", "ThenOtherwise", "{72674E69-6E90-4115-86CC-07AF814DCDA7}"
EndProject
Project("{9A19103F-16F7-4668-BE54-9A1E7A4F7556}") = "Codoxide.Outcome.Extensions.Conditionals.ThenOtherwise", "Codoxide.Outcome.Extensions.Conditionals.ThenOtherwise\src\Codoxide.Outcome.Extensions.Conditionals.ThenOtherwise.csproj", "{39F3B2E5-0AA3-40BB-9E89-5B25CFEEDD0B}"
EndProject
Project("{9A19103F-16F7-4668-BE54-9A1E7A4F7556}") = "Codoxide.Outcome.Extensions.Conditionals.ThenOtherwise.UnitTests", "Codoxide.Outcome.Extensions.Conditionals.ThenOtherwise\tests\Codoxide.Outcome.Extensions.Conditionals.ThenOtherwise.UnitTests.csproj", "{B7722016-E8EE-40F5-AEB2-A42212682A0C}"
EndProject
Project("{2150E333-8FDC-42A3-9474-1A3956D46DE8}") = "Collections", "Collections", "{A19675DA-77BE-4C83-9B8C-A1738EB48212}"
EndProject
Project("{9A19103F-16F7-4668-BE54-9A1E7A4F7556}") = "Codoxide.Outcome.Extensions.Collections", "Codoxide.Outcome.Extensions.Collections\src\Codoxide.Outcome.Extensions.Collections.csproj", "{B05A7B5A-C532-4BDD-BCC0-094B455C403F}"
EndProject
Project("{9A19103F-16F7-4668-BE54-9A1E7A4F7556}") = "Codoxide.Outcome.Extensions.Collections.UnitTests", "Codoxide.Outcome.Extensions.Collections\tests\Codoxide.Outcome.Extensions.Collections.UnitTests.csproj", "{E081E98A-C7FF-45CF-82B3-7B5B569D73BB}"
EndProject
Project("{2150E333-8FDC-42A3-9474-1A3956D46DE8}") = "Core", "Core", "{000E88C1-C597-43D9-8A33-725CFA4A3048}"
	ProjectSection(SolutionItems) = preProject
		Codoxide.Outcome.Core\README.md = Codoxide.Outcome.Core\README.md
	EndProjectSection
EndProject
Project("{2150E333-8FDC-42A3-9474-1A3956D46DE8}") = "Extensions.Catch", "Extensions.Catch", "{CE91FBC3-51B6-4F22-B799-9A1E37FEAD98}"
EndProject
Project("{9A19103F-16F7-4668-BE54-9A1E7A4F7556}") = "Codoxide.Outcome.Extensions.Catch", "Codoxide.Outcome.Extensions.Catch\src\Codoxide.Outcome.Extensions.Catch.csproj", "{7311FA65-7420-40FF-B437-ADDAA5B02764}"
EndProject
Project("{9A19103F-16F7-4668-BE54-9A1E7A4F7556}") = "Codoxide.Outcome.Extensions.Catch.UnitTests", "Codoxide.Outcome.Extensions.Catch\test\Codoxide.Outcome.Extensions.Catch.UnitTests.csproj", "{BA5C50CE-9DFC-4B1C-9AFA-8EBE9E743A34}"
EndProject
Project("{2150E333-8FDC-42A3-9474-1A3956D46DE8}") = "Extensions.Map", "Extensions.Map", "{C5D0BC56-1BA4-4E5A-9396-7B90D209BA10}"
EndProject
Project("{9A19103F-16F7-4668-BE54-9A1E7A4F7556}") = "Codoxide.Outcome.Extensions.Map", "Codoxide.Outcome.Extensions.Map\src\Codoxide.Outcome.Extensions.Map.csproj", "{24854E69-CC26-4671-BDD2-BD3F5D059999}"
EndProject
Project("{9A19103F-16F7-4668-BE54-9A1E7A4F7556}") = "Codoxide.Outcome.Extensions.Map.UnitTests", "Codoxide.Outcome.Extensions.Map\test\Codoxide.Outcome.Extensions.Map.UnitTests.csproj", "{8964F4C5-9DCC-41BB-9842-480578C4F7F4}"
EndProject
Project("{2150E333-8FDC-42A3-9474-1A3956D46DE8}") = "Extensions.Tap", "Extensions.Tap", "{755233C7-FCDA-4F3C-AE5B-E1ACCD6DB965}"
EndProject
Project("{FAE04EC0-301F-11D3-BF4B-00C04F79EFBC}") = "Codoxide.Outcome.Extensions.Tap", "Codoxide.Outcome.Extensions.Tap\src\Codoxide.Outcome.Extensions.Tap.csproj", "{8D079748-9660-4C99-9838-C0BE11B2B038}"
EndProject
Project("{FAE04EC0-301F-11D3-BF4B-00C04F79EFBC}") = "Codoxide.Outcome.Extensions.Tap.UnitTests", "Codoxide.Outcome.Extensions.Tap\tests\Codoxide.Outcome.Extensions.Tap.UnitTests.csproj", "{214AFE2E-5DE8-477C-AEDD-8EA2524D3E63}"
EndProject
Global
	GlobalSection(SolutionConfigurationPlatforms) = preSolution
		Debug|Any CPU = Debug|Any CPU
		Release|Any CPU = Release|Any CPU
	EndGlobalSection
	GlobalSection(ProjectConfigurationPlatforms) = postSolution
		{A0FAF0ED-C0B9-47D5-A656-F883CFDC9351}.Debug|Any CPU.ActiveCfg = Debug|Any CPU
		{A0FAF0ED-C0B9-47D5-A656-F883CFDC9351}.Debug|Any CPU.Build.0 = Debug|Any CPU
		{A0FAF0ED-C0B9-47D5-A656-F883CFDC9351}.Release|Any CPU.ActiveCfg = Release|Any CPU
		{A0FAF0ED-C0B9-47D5-A656-F883CFDC9351}.Release|Any CPU.Build.0 = Release|Any CPU
		{7CA48D06-2F3D-4F1D-A644-BE789CE16B77}.Debug|Any CPU.ActiveCfg = Debug|Any CPU
		{7CA48D06-2F3D-4F1D-A644-BE789CE16B77}.Debug|Any CPU.Build.0 = Debug|Any CPU
		{7CA48D06-2F3D-4F1D-A644-BE789CE16B77}.Release|Any CPU.ActiveCfg = Release|Any CPU
		{7CA48D06-2F3D-4F1D-A644-BE789CE16B77}.Release|Any CPU.Build.0 = Release|Any CPU
		{D0E7EED1-A042-4434-8E24-78F303141BDD}.Debug|Any CPU.ActiveCfg = Debug|Any CPU
		{D0E7EED1-A042-4434-8E24-78F303141BDD}.Debug|Any CPU.Build.0 = Debug|Any CPU
		{D0E7EED1-A042-4434-8E24-78F303141BDD}.Release|Any CPU.ActiveCfg = Release|Any CPU
		{D0E7EED1-A042-4434-8E24-78F303141BDD}.Release|Any CPU.Build.0 = Release|Any CPU
		{7C450242-7209-49D3-8457-164616C0059C}.Debug|Any CPU.ActiveCfg = Debug|Any CPU
		{7C450242-7209-49D3-8457-164616C0059C}.Debug|Any CPU.Build.0 = Debug|Any CPU
		{7C450242-7209-49D3-8457-164616C0059C}.Release|Any CPU.ActiveCfg = Release|Any CPU
		{7C450242-7209-49D3-8457-164616C0059C}.Release|Any CPU.Build.0 = Release|Any CPU
		{ED637428-543F-4845-8B20-BE51D487AE8D}.Debug|Any CPU.ActiveCfg = Debug|Any CPU
		{ED637428-543F-4845-8B20-BE51D487AE8D}.Debug|Any CPU.Build.0 = Debug|Any CPU
		{ED637428-543F-4845-8B20-BE51D487AE8D}.Release|Any CPU.ActiveCfg = Release|Any CPU
		{ED637428-543F-4845-8B20-BE51D487AE8D}.Release|Any CPU.Build.0 = Release|Any CPU
		{46B65E7A-DA1E-4AE3-93E2-41D42A12A360}.Debug|Any CPU.ActiveCfg = Debug|Any CPU
		{46B65E7A-DA1E-4AE3-93E2-41D42A12A360}.Debug|Any CPU.Build.0 = Debug|Any CPU
		{46B65E7A-DA1E-4AE3-93E2-41D42A12A360}.Release|Any CPU.ActiveCfg = Release|Any CPU
		{46B65E7A-DA1E-4AE3-93E2-41D42A12A360}.Release|Any CPU.Build.0 = Release|Any CPU
		{59D8D8E6-6A75-40AD-81D1-C00ADC1C72A1}.Debug|Any CPU.ActiveCfg = Debug|Any CPU
		{59D8D8E6-6A75-40AD-81D1-C00ADC1C72A1}.Debug|Any CPU.Build.0 = Debug|Any CPU
		{59D8D8E6-6A75-40AD-81D1-C00ADC1C72A1}.Release|Any CPU.ActiveCfg = Release|Any CPU
		{59D8D8E6-6A75-40AD-81D1-C00ADC1C72A1}.Release|Any CPU.Build.0 = Release|Any CPU
		{31507171-7C8B-45F7-A403-8A5D1B8DDFCA}.Debug|Any CPU.ActiveCfg = Debug|Any CPU
		{31507171-7C8B-45F7-A403-8A5D1B8DDFCA}.Debug|Any CPU.Build.0 = Debug|Any CPU
		{31507171-7C8B-45F7-A403-8A5D1B8DDFCA}.Release|Any CPU.ActiveCfg = Release|Any CPU
		{31507171-7C8B-45F7-A403-8A5D1B8DDFCA}.Release|Any CPU.Build.0 = Release|Any CPU
		{506C2647-590E-430C-8DAF-5DCA38A15100}.Debug|Any CPU.ActiveCfg = Debug|Any CPU
		{506C2647-590E-430C-8DAF-5DCA38A15100}.Debug|Any CPU.Build.0 = Debug|Any CPU
		{506C2647-590E-430C-8DAF-5DCA38A15100}.Release|Any CPU.ActiveCfg = Release|Any CPU
		{506C2647-590E-430C-8DAF-5DCA38A15100}.Release|Any CPU.Build.0 = Release|Any CPU
		{59305BDC-E447-488E-8799-186B0E6BB25F}.Debug|Any CPU.ActiveCfg = Debug|Any CPU
		{59305BDC-E447-488E-8799-186B0E6BB25F}.Debug|Any CPU.Build.0 = Debug|Any CPU
		{59305BDC-E447-488E-8799-186B0E6BB25F}.Release|Any CPU.ActiveCfg = Release|Any CPU
		{59305BDC-E447-488E-8799-186B0E6BB25F}.Release|Any CPU.Build.0 = Release|Any CPU
		{7C0FEEE7-51B4-4689-8808-CE9B02F55FF2}.Debug|Any CPU.ActiveCfg = Debug|Any CPU
		{7C0FEEE7-51B4-4689-8808-CE9B02F55FF2}.Debug|Any CPU.Build.0 = Debug|Any CPU
		{7C0FEEE7-51B4-4689-8808-CE9B02F55FF2}.Release|Any CPU.ActiveCfg = Release|Any CPU
		{7C0FEEE7-51B4-4689-8808-CE9B02F55FF2}.Release|Any CPU.Build.0 = Release|Any CPU
		{97BF547B-151C-4885-852A-B3D353A9AB39}.Debug|Any CPU.ActiveCfg = Debug|Any CPU
		{97BF547B-151C-4885-852A-B3D353A9AB39}.Debug|Any CPU.Build.0 = Debug|Any CPU
		{97BF547B-151C-4885-852A-B3D353A9AB39}.Release|Any CPU.ActiveCfg = Release|Any CPU
		{97BF547B-151C-4885-852A-B3D353A9AB39}.Release|Any CPU.Build.0 = Release|Any CPU
		{2FD6DA4E-2997-4512-8514-0636621B909F}.Debug|Any CPU.ActiveCfg = Debug|Any CPU
		{2FD6DA4E-2997-4512-8514-0636621B909F}.Debug|Any CPU.Build.0 = Debug|Any CPU
		{2FD6DA4E-2997-4512-8514-0636621B909F}.Release|Any CPU.ActiveCfg = Release|Any CPU
		{2FD6DA4E-2997-4512-8514-0636621B909F}.Release|Any CPU.Build.0 = Release|Any CPU
		{90A1C619-FA23-4958-9E27-91298B1473BD}.Debug|Any CPU.ActiveCfg = Debug|Any CPU
		{90A1C619-FA23-4958-9E27-91298B1473BD}.Debug|Any CPU.Build.0 = Debug|Any CPU
		{90A1C619-FA23-4958-9E27-91298B1473BD}.Release|Any CPU.ActiveCfg = Release|Any CPU
		{90A1C619-FA23-4958-9E27-91298B1473BD}.Release|Any CPU.Build.0 = Release|Any CPU
		{39F3B2E5-0AA3-40BB-9E89-5B25CFEEDD0B}.Debug|Any CPU.ActiveCfg = Debug|Any CPU
		{39F3B2E5-0AA3-40BB-9E89-5B25CFEEDD0B}.Debug|Any CPU.Build.0 = Debug|Any CPU
		{39F3B2E5-0AA3-40BB-9E89-5B25CFEEDD0B}.Release|Any CPU.ActiveCfg = Release|Any CPU
		{39F3B2E5-0AA3-40BB-9E89-5B25CFEEDD0B}.Release|Any CPU.Build.0 = Release|Any CPU
		{B7722016-E8EE-40F5-AEB2-A42212682A0C}.Debug|Any CPU.ActiveCfg = Debug|Any CPU
		{B7722016-E8EE-40F5-AEB2-A42212682A0C}.Debug|Any CPU.Build.0 = Debug|Any CPU
		{B7722016-E8EE-40F5-AEB2-A42212682A0C}.Release|Any CPU.ActiveCfg = Release|Any CPU
		{B7722016-E8EE-40F5-AEB2-A42212682A0C}.Release|Any CPU.Build.0 = Release|Any CPU
		{B05A7B5A-C532-4BDD-BCC0-094B455C403F}.Debug|Any CPU.ActiveCfg = Debug|Any CPU
		{B05A7B5A-C532-4BDD-BCC0-094B455C403F}.Debug|Any CPU.Build.0 = Debug|Any CPU
		{B05A7B5A-C532-4BDD-BCC0-094B455C403F}.Release|Any CPU.ActiveCfg = Release|Any CPU
		{B05A7B5A-C532-4BDD-BCC0-094B455C403F}.Release|Any CPU.Build.0 = Release|Any CPU
		{E081E98A-C7FF-45CF-82B3-7B5B569D73BB}.Debug|Any CPU.ActiveCfg = Debug|Any CPU
		{E081E98A-C7FF-45CF-82B3-7B5B569D73BB}.Debug|Any CPU.Build.0 = Debug|Any CPU
		{E081E98A-C7FF-45CF-82B3-7B5B569D73BB}.Release|Any CPU.ActiveCfg = Release|Any CPU
		{E081E98A-C7FF-45CF-82B3-7B5B569D73BB}.Release|Any CPU.Build.0 = Release|Any CPU
		{7311FA65-7420-40FF-B437-ADDAA5B02764}.Debug|Any CPU.ActiveCfg = Debug|Any CPU
		{7311FA65-7420-40FF-B437-ADDAA5B02764}.Debug|Any CPU.Build.0 = Debug|Any CPU
		{7311FA65-7420-40FF-B437-ADDAA5B02764}.Release|Any CPU.ActiveCfg = Release|Any CPU
		{7311FA65-7420-40FF-B437-ADDAA5B02764}.Release|Any CPU.Build.0 = Release|Any CPU
		{BA5C50CE-9DFC-4B1C-9AFA-8EBE9E743A34}.Debug|Any CPU.ActiveCfg = Debug|Any CPU
		{BA5C50CE-9DFC-4B1C-9AFA-8EBE9E743A34}.Debug|Any CPU.Build.0 = Debug|Any CPU
		{BA5C50CE-9DFC-4B1C-9AFA-8EBE9E743A34}.Release|Any CPU.ActiveCfg = Release|Any CPU
		{BA5C50CE-9DFC-4B1C-9AFA-8EBE9E743A34}.Release|Any CPU.Build.0 = Release|Any CPU
		{24854E69-CC26-4671-BDD2-BD3F5D059999}.Debug|Any CPU.ActiveCfg = Debug|Any CPU
		{24854E69-CC26-4671-BDD2-BD3F5D059999}.Debug|Any CPU.Build.0 = Debug|Any CPU
		{24854E69-CC26-4671-BDD2-BD3F5D059999}.Release|Any CPU.ActiveCfg = Release|Any CPU
		{24854E69-CC26-4671-BDD2-BD3F5D059999}.Release|Any CPU.Build.0 = Release|Any CPU
		{8964F4C5-9DCC-41BB-9842-480578C4F7F4}.Debug|Any CPU.ActiveCfg = Debug|Any CPU
		{8964F4C5-9DCC-41BB-9842-480578C4F7F4}.Debug|Any CPU.Build.0 = Debug|Any CPU
		{8964F4C5-9DCC-41BB-9842-480578C4F7F4}.Release|Any CPU.ActiveCfg = Release|Any CPU
		{8964F4C5-9DCC-41BB-9842-480578C4F7F4}.Release|Any CPU.Build.0 = Release|Any CPU
		{8D079748-9660-4C99-9838-C0BE11B2B038}.Debug|Any CPU.ActiveCfg = Debug|Any CPU
		{8D079748-9660-4C99-9838-C0BE11B2B038}.Debug|Any CPU.Build.0 = Debug|Any CPU
		{8D079748-9660-4C99-9838-C0BE11B2B038}.Release|Any CPU.ActiveCfg = Release|Any CPU
		{8D079748-9660-4C99-9838-C0BE11B2B038}.Release|Any CPU.Build.0 = Release|Any CPU
		{214AFE2E-5DE8-477C-AEDD-8EA2524D3E63}.Debug|Any CPU.ActiveCfg = Debug|Any CPU
		{214AFE2E-5DE8-477C-AEDD-8EA2524D3E63}.Debug|Any CPU.Build.0 = Debug|Any CPU
		{214AFE2E-5DE8-477C-AEDD-8EA2524D3E63}.Release|Any CPU.ActiveCfg = Release|Any CPU
		{214AFE2E-5DE8-477C-AEDD-8EA2524D3E63}.Release|Any CPU.Build.0 = Release|Any CPU
	EndGlobalSection
	GlobalSection(SolutionProperties) = preSolution
		HideSolutionNode = FALSE
	EndGlobalSection
	GlobalSection(NestedProjects) = preSolution
		{A0FAF0ED-C0B9-47D5-A656-F883CFDC9351} = {754C100E-881E-4174-A4DB-62D1E27DFEDA}
		{7CA48D06-2F3D-4F1D-A644-BE789CE16B77} = {754C100E-881E-4174-A4DB-62D1E27DFEDA}
		{D0E7EED1-A042-4434-8E24-78F303141BDD} = {67DE19BD-6CE1-4B68-B84C-8E026A63853F}
		{7C450242-7209-49D3-8457-164616C0059C} = {67DE19BD-6CE1-4B68-B84C-8E026A63853F}
		{ED637428-543F-4845-8B20-BE51D487AE8D} = {3D0B8035-9A35-4F4D-BBD8-E8692269FFCC}
		{46B65E7A-DA1E-4AE3-93E2-41D42A12A360} = {3D0B8035-9A35-4F4D-BBD8-E8692269FFCC}
		{59D8D8E6-6A75-40AD-81D1-C00ADC1C72A1} = {B867929B-2994-4774-9686-6965EECC8CFC}
		{31507171-7C8B-45F7-A403-8A5D1B8DDFCA} = {B867929B-2994-4774-9686-6965EECC8CFC}
		{506C2647-590E-430C-8DAF-5DCA38A15100} = {C8AF43B6-F369-445C-AF13-54EF8CC8A216}
		{59305BDC-E447-488E-8799-186B0E6BB25F} = {C8AF43B6-F369-445C-AF13-54EF8CC8A216}
		{7C0FEEE7-51B4-4689-8808-CE9B02F55FF2} = {5271139D-A0FF-4C24-A828-2E26C5EFD6C0}
		{97BF547B-151C-4885-852A-B3D353A9AB39} = {5271139D-A0FF-4C24-A828-2E26C5EFD6C0}
		{2FD6DA4E-2997-4512-8514-0636621B909F} = {777DFC13-DE04-4E3C-B7CB-79D2A69D68DB}
		{90A1C619-FA23-4958-9E27-91298B1473BD} = {777DFC13-DE04-4E3C-B7CB-79D2A69D68DB}
		{39F3B2E5-0AA3-40BB-9E89-5B25CFEEDD0B} = {72674E69-6E90-4115-86CC-07AF814DCDA7}
		{B7722016-E8EE-40F5-AEB2-A42212682A0C} = {72674E69-6E90-4115-86CC-07AF814DCDA7}
		{B05A7B5A-C532-4BDD-BCC0-094B455C403F} = {A19675DA-77BE-4C83-9B8C-A1738EB48212}
		{E081E98A-C7FF-45CF-82B3-7B5B569D73BB} = {A19675DA-77BE-4C83-9B8C-A1738EB48212}
		{000E88C1-C597-43D9-8A33-725CFA4A3048} = {F5A8E855-A496-4ADA-8DAC-8641F12F3DFE}
		{7311FA65-7420-40FF-B437-ADDAA5B02764} = {CE91FBC3-51B6-4F22-B799-9A1E37FEAD98}
		{BA5C50CE-9DFC-4B1C-9AFA-8EBE9E743A34} = {CE91FBC3-51B6-4F22-B799-9A1E37FEAD98}
		{24854E69-CC26-4671-BDD2-BD3F5D059999} = {C5D0BC56-1BA4-4E5A-9396-7B90D209BA10}
		{8964F4C5-9DCC-41BB-9842-480578C4F7F4} = {C5D0BC56-1BA4-4E5A-9396-7B90D209BA10}
		{8D079748-9660-4C99-9838-C0BE11B2B038} = {755233C7-FCDA-4F3C-AE5B-E1ACCD6DB965}
		{214AFE2E-5DE8-477C-AEDD-8EA2524D3E63} = {755233C7-FCDA-4F3C-AE5B-E1ACCD6DB965}
	EndGlobalSection
	GlobalSection(ExtensibilityGlobals) = postSolution
		SolutionGuid = {7E64B6BB-A671-4E71-B557-EC5C9E91CBAA}
	EndGlobalSection
EndGlobal
